
Microsoft Visual Studio Solution File, Format Version 12.00
# Visual Studio Version 17
VisualStudioVersion = 17.5.002.0
MinimumVisualStudioVersion = 10.0.40219.1
Project("{9A19103F-16F7-4668-BE54-9A1E7A4F7556}") = "Strike Showdown Back End", "Strike Showdown Back End.csproj", "{A440A775-2B20-40A3-9BB5-BDC6C5075E92}"
EndProject
Global
	GlobalSection(SolutionConfigurationPlatforms) = preSolution
		Debug|Any CPU = Debug|Any CPU
		Release|Any CPU = Release|Any CPU
	EndGlobalSection
	GlobalSection(ProjectConfigurationPlatforms) = postSolution
		{A440A775-2B20-40A3-9BB5-BDC6C5075E92}.Debug|Any CPU.ActiveCfg = Debug|Any CPU
		{A440A775-2B20-40A3-9BB5-BDC6C5075E92}.Debug|Any CPU.Build.0 = Debug|Any CPU
		{A440A775-2B20-40A3-9BB5-BDC6C5075E92}.Release|Any CPU.ActiveCfg = Release|Any CPU
		{A440A775-2B20-40A3-9BB5-BDC6C5075E92}.Release|Any CPU.Build.0 = Release|Any CPU
	EndGlobalSection
	GlobalSection(SolutionProperties) = preSolution
		HideSolutionNode = FALSE
	EndGlobalSection
	GlobalSection(ExtensibilityGlobals) = postSolution
		SolutionGuid = {381781C0-6865-4852-96A7-452D4FDEE55E}
	EndGlobalSection
EndGlobal
